%{
  "brod": {:hex, :brod, "3.19.1", "6e42e0b495108f8c691717654c6efef7a02f69d1eaaf885bb8d0f7aa8c04b9c7", [:rebar3], [{:kafka_protocol, "4.1.5", [hex: :kafka_protocol, repo: "hexpm", optional: false]}, {:snappyer, "1.2.9", [hex: :snappyer, repo: "hexpm", optional: false]}], "hexpm", "241899cff62e175cd60de4acd4b72f40edb3529b18853f8b22a8a35e4c76d71d"},
  "crc32cer": {:hex, :crc32cer, "0.1.8", "c6c2275c5fb60a95f4935d414f30b50ee9cfed494081c9b36ebb02edfc2f48db", [:rebar3], [], "hexpm", "251499085482920deb6c9b7aadabf9fb4c432f96add97ab42aee4501e5b6f591"},
  "jason": {:hex, :jason, "1.4.4", "b9226785a9aa77b6857ca22832cffa5d5011a667207eb2a0ad56adb5db443b8a", [:mix], [{:decimal, "~> 1.0 or ~> 2.0", [hex: :decimal, repo: "hexpm", optional: true]}], "hexpm", "c5eb0cab91f094599f94d55bc63409236a8ec69a21a67814529e8d5f6cc90b3b"},
  "kaffe": {:hex, :kaffe, "1.25.0", "b0f97d1ed8bc73ef21039d67dafc1736a7c45b0ac9d9dc955702d053ed447fba", [:mix], [{:brod, "~> 3.0", [hex: :brod, repo: "hexpm", optional: false]}, {:retry, "~> 0.15.0", [hex: :retry, repo: "hexpm", optional: false]}], "hexpm", "3e9497f667c90a99fb3208fd71ff8d74f26d06cf9f90e26c7fb54e5fcaae2e96"},
  "kafka_protocol": {:hex, :kafka_protocol, "4.1.5", "d15e64994a8ca99716ab47db4132614359ac1bfa56d6c5b4341fdc1aa4041518", [:rebar3], [{:crc32cer, "0.1.8", [hex: :crc32cer, repo: "hexpm", optional: false]}], "hexpm", "c956c9357fef493b7072a35d0c3e2be02aa5186c804a412d29e62423bb15e5d9"},
  "nimble_csv": {:hex, :nimble_csv, "1.2.0", "4e26385d260c61eba9d4412c71cea34421f296d5353f914afe3f2e71cce97722", [:mix], [], "hexpm", "d0628117fcc2148178b034044c55359b26966c6eaa8e2ce15777be3bbc91b12a"},
  "retry": {:hex, :retry, "0.15.0", "ba6aaeba92905a396c18c299a07e638947b2ba781e914f803202bc1b9ae867c3", [:mix], [], "hexpm", "93d3310bce78c0a30cc94610684340a14adfc9136856a3f662e4d9ce6013c784"},
  "snappyer": {:hex, :snappyer, "1.2.9", "9cc58470798648ce34c662ca0aa6daae31367667714c9a543384430a3586e5d3", [:rebar3], [], "hexpm", "18d00ca218ae613416e6eecafe1078db86342a66f86277bd45c95f05bf1c8b29"},
}
